
Microsoft Visual Studio Solution File, Format Version 12.00
# Visual Studio Version 16
VisualStudioVersion = 16.0.32407.336
MinimumVisualStudioVersion = 10.0.40219.1
Project("{FAE04EC0-301F-11D3-BF4B-00C04F79EFBC}") = "excelScreen", "excelScreen.csproj", "{7B09BDAC-4B60-4AF8-BD3B-4E715400A96F}"
EndProject
Project("{FAE04EC0-301F-11D3-BF4B-00C04F79EFBC}") = "SelectData", "..\SelectData\SelectData.csproj", "{BF620D04-EB00-40DC-9024-A8BFB277063E}"
EndProject
Global
	GlobalSection(SolutionConfigurationPlatforms) = preSolution
		Debug|Any CPU = Debug|Any CPU
		Release|Any CPU = Release|Any CPU
	EndGlobalSection
	GlobalSection(ProjectConfigurationPlatforms) = postSolution
		{7B09BDAC-4B60-4AF8-BD3B-4E715400A96F}.Debug|Any CPU.ActiveCfg = Debug|Any CPU
		{7B09BDAC-4B60-4AF8-BD3B-4E715400A96F}.Debug|Any CPU.Build.0 = Debug|Any CPU
		{7B09BDAC-4B60-4AF8-BD3B-4E715400A96F}.Release|Any CPU.ActiveCfg = Release|Any CPU
		{7B09BDAC-4B60-4AF8-BD3B-4E715400A96F}.Release|Any CPU.Build.0 = Release|Any CPU
		{BF620D04-EB00-40DC-9024-A8BFB277063E}.Debug|Any CPU.ActiveCfg = Debug|Any CPU
		{BF620D04-EB00-40DC-9024-A8BFB277063E}.Debug|Any CPU.Build.0 = Debug|Any CPU
		{BF620D04-EB00-40DC-9024-A8BFB277063E}.Release|Any CPU.ActiveCfg = Release|Any CPU
		{BF620D04-EB00-40DC-9024-A8BFB277063E}.Release|Any CPU.Build.0 = Release|Any CPU
	EndGlobalSection
	GlobalSection(SolutionProperties) = preSolution
		HideSolutionNode = FALSE
	EndGlobalSection
	GlobalSection(ExtensibilityGlobals) = postSolution
		SolutionGuid = {24CB9F30-5F22-49CE-88CA-29F8E2ED3482}
	EndGlobalSection
EndGlobal
